
Microsoft Visual Studio Solution File, Format Version 12.00
# Visual Studio Version 17
VisualStudioVersion = 17.7.34202.233
MinimumVisualStudioVersion = 10.0.40219.1
Project("{FAE04EC0-301F-11D3-BF4B-00C04F79EFBC}") = "POO", "POO\POO.csproj", "{97DD6BFE-C266-47B8-80B1-0DABAEF578DC}"
EndProject
Global
	GlobalSection(SolutionConfigurationPlatforms) = preSolution
		Debug|Any CPU = Debug|Any CPU
		Release|Any CPU = Release|Any CPU
	EndGlobalSection
	GlobalSection(ProjectConfigurationPlatforms) = postSolution
		{97DD6BFE-C266-47B8-80B1-0DABAEF578DC}.Debug|Any CPU.ActiveCfg = Debug|Any CPU
		{97DD6BFE-C266-47B8-80B1-0DABAEF578DC}.Debug|Any CPU.Build.0 = Debug|Any CPU
		{97DD6BFE-C266-47B8-80B1-0DABAEF578DC}.Release|Any CPU.ActiveCfg = Release|Any CPU
		{97DD6BFE-C266-47B8-80B1-0DABAEF578DC}.Release|Any CPU.Build.0 = Release|Any CPU
	EndGlobalSection
	GlobalSection(SolutionProperties) = preSolution
		HideSolutionNode = FALSE
	EndGlobalSection
	GlobalSection(ExtensibilityGlobals) = postSolution
		SolutionGuid = {A9712F48-367B-468C-8C63-5C71F9F52071}
	EndGlobalSection
EndGlobal
